
Microsoft Visual Studio Solution File, Format Version 12.00
# Visual Studio Version 17
VisualStudioVersion = 17.4.33213.308
MinimumVisualStudioVersion = 10.0.40219.1
Project("{FAE04EC0-301F-11D3-BF4B-00C04F79EFBC}") = "DataBase2", "DataBase2\DataBase2.csproj", "{F8BFFADB-E2CF-4915-9A15-FB9DCB2A2F56}"
EndProject
Global
	GlobalSection(SolutionConfigurationPlatforms) = preSolution
		Debug|Any CPU = Debug|Any CPU
		Release|Any CPU = Release|Any CPU
	EndGlobalSection
	GlobalSection(ProjectConfigurationPlatforms) = postSolution
		{F8BFFADB-E2CF-4915-9A15-FB9DCB2A2F56}.Debug|Any CPU.ActiveCfg = Debug|Any CPU
		{F8BFFADB-E2CF-4915-9A15-FB9DCB2A2F56}.Debug|Any CPU.Build.0 = Debug|Any CPU
		{F8BFFADB-E2CF-4915-9A15-FB9DCB2A2F56}.Release|Any CPU.ActiveCfg = Release|Any CPU
		{F8BFFADB-E2CF-4915-9A15-FB9DCB2A2F56}.Release|Any CPU.Build.0 = Release|Any CPU
	EndGlobalSection
	GlobalSection(SolutionProperties) = preSolution
		HideSolutionNode = FALSE
	EndGlobalSection
	GlobalSection(ExtensibilityGlobals) = postSolution
		SolutionGuid = {F395F68B-8877-4761-955D-C069E0B21A70}
	EndGlobalSection
EndGlobal
